
Microsoft Visual Studio Solution File, Format Version 12.00
# Visual Studio Version 16
VisualStudioVersion = 16.0.30104.148
MinimumVisualStudioVersion = 10.0.40219.1
Project("{FAE04EC0-301F-11D3-BF4B-00C04F79EFBC}") = "Ex 6", "Ex 6\Ex 6.csproj", "{BEFDD25D-BA6F-4869-B7C7-1731FFB3D4B2}"
EndProject
Project("{FAE04EC0-301F-11D3-BF4B-00C04F79EFBC}") = "Client", "Client\Client.csproj", "{02863531-867F-40E6-85C8-8D928650418A}"
EndProject
Project("{FAE04EC0-301F-11D3-BF4B-00C04F79EFBC}") = "Server", "Server\Server.csproj", "{9628C783-E181-4E62-8AD6-BD37C2BE4352}"
EndProject
Global
	GlobalSection(SolutionConfigurationPlatforms) = preSolution
		Debug|Any CPU = Debug|Any CPU
		Release|Any CPU = Release|Any CPU
	EndGlobalSection
	GlobalSection(ProjectConfigurationPlatforms) = postSolution
		{BEFDD25D-BA6F-4869-B7C7-1731FFB3D4B2}.Debug|Any CPU.ActiveCfg = Debug|Any CPU
		{BEFDD25D-BA6F-4869-B7C7-1731FFB3D4B2}.Debug|Any CPU.Build.0 = Debug|Any CPU
		{BEFDD25D-BA6F-4869-B7C7-1731FFB3D4B2}.Release|Any CPU.ActiveCfg = Release|Any CPU
		{BEFDD25D-BA6F-4869-B7C7-1731FFB3D4B2}.Release|Any CPU.Build.0 = Release|Any CPU
		{02863531-867F-40E6-85C8-8D928650418A}.Debug|Any CPU.ActiveCfg = Debug|Any CPU
		{02863531-867F-40E6-85C8-8D928650418A}.Debug|Any CPU.Build.0 = Debug|Any CPU
		{02863531-867F-40E6-85C8-8D928650418A}.Release|Any CPU.ActiveCfg = Release|Any CPU
		{02863531-867F-40E6-85C8-8D928650418A}.Release|Any CPU.Build.0 = Release|Any CPU
		{9628C783-E181-4E62-8AD6-BD37C2BE4352}.Debug|Any CPU.ActiveCfg = Debug|Any CPU
		{9628C783-E181-4E62-8AD6-BD37C2BE4352}.Debug|Any CPU.Build.0 = Debug|Any CPU
		{9628C783-E181-4E62-8AD6-BD37C2BE4352}.Release|Any CPU.ActiveCfg = Release|Any CPU
		{9628C783-E181-4E62-8AD6-BD37C2BE4352}.Release|Any CPU.Build.0 = Release|Any CPU
	EndGlobalSection
	GlobalSection(SolutionProperties) = preSolution
		HideSolutionNode = FALSE
	EndGlobalSection
	GlobalSection(ExtensibilityGlobals) = postSolution
		SolutionGuid = {D23E7DCE-A7F6-43E8-BE12-B1BEC61F27A2}
	EndGlobalSection
EndGlobal
