
Microsoft Visual Studio Solution File, Format Version 12.00
# Visual Studio Version 16
VisualStudioVersion = 16.0.30104.148
MinimumVisualStudioVersion = 10.0.40219.1
Project("{FAE04EC0-301F-11D3-BF4B-00C04F79EFBC}") = "Ex 6", "Ex 6\Ex 6.csproj", "{BEFDD25D-BA6F-4869-B7C7-1731FFB3D4B2}"
EndProject
Project("{FAE04EC0-301F-11D3-BF4B-00C04F79EFBC}") = "Client", "Client\Client.csproj", "{60251DEE-79A2-4B6E-BA00-87D7EB43E008}"
EndProject
Project("{FAE04EC0-301F-11D3-BF4B-00C04F79EFBC}") = "Server", "Server\Server.csproj", "{55B725EF-DCAD-47CC-A32B-6C13A416E222}"
EndProject
Global
	GlobalSection(SolutionConfigurationPlatforms) = preSolution
		Debug|Any CPU = Debug|Any CPU
		Release|Any CPU = Release|Any CPU
	EndGlobalSection
	GlobalSection(ProjectConfigurationPlatforms) = postSolution
		{BEFDD25D-BA6F-4869-B7C7-1731FFB3D4B2}.Debug|Any CPU.ActiveCfg = Debug|Any CPU
		{BEFDD25D-BA6F-4869-B7C7-1731FFB3D4B2}.Debug|Any CPU.Build.0 = Debug|Any CPU
		{BEFDD25D-BA6F-4869-B7C7-1731FFB3D4B2}.Release|Any CPU.ActiveCfg = Release|Any CPU
		{BEFDD25D-BA6F-4869-B7C7-1731FFB3D4B2}.Release|Any CPU.Build.0 = Release|Any CPU
		{60251DEE-79A2-4B6E-BA00-87D7EB43E008}.Debug|Any CPU.ActiveCfg = Debug|Any CPU
		{60251DEE-79A2-4B6E-BA00-87D7EB43E008}.Debug|Any CPU.Build.0 = Debug|Any CPU
		{60251DEE-79A2-4B6E-BA00-87D7EB43E008}.Release|Any CPU.ActiveCfg = Release|Any CPU
		{60251DEE-79A2-4B6E-BA00-87D7EB43E008}.Release|Any CPU.Build.0 = Release|Any CPU
		{55B725EF-DCAD-47CC-A32B-6C13A416E222}.Debug|Any CPU.ActiveCfg = Debug|Any CPU
		{55B725EF-DCAD-47CC-A32B-6C13A416E222}.Debug|Any CPU.Build.0 = Debug|Any CPU
		{55B725EF-DCAD-47CC-A32B-6C13A416E222}.Release|Any CPU.ActiveCfg = Release|Any CPU
		{55B725EF-DCAD-47CC-A32B-6C13A416E222}.Release|Any CPU.Build.0 = Release|Any CPU
	EndGlobalSection
	GlobalSection(SolutionProperties) = preSolution
		HideSolutionNode = FALSE
	EndGlobalSection
	GlobalSection(ExtensibilityGlobals) = postSolution
		SolutionGuid = {D23E7DCE-A7F6-43E8-BE12-B1BEC61F27A2}
	EndGlobalSection
EndGlobal
