
Microsoft Visual Studio Solution File, Format Version 12.00
# Visual Studio Version 16
VisualStudioVersion = 16.0.30104.148
MinimumVisualStudioVersion = 10.0.40219.1
Project("{FAE04EC0-301F-11D3-BF4B-00C04F79EFBC}") = "Dependency Injection Engine", "Dependency Injection Engine\Dependency Injection Engine.csproj", "{A4F54ADD-CF93-4323-9D78-EFCF370C6D2D}"
EndProject
Project("{FAE04EC0-301F-11D3-BF4B-00C04F79EFBC}") = "DIEngineTest", "DIEngineTest\DIEngineTest.csproj", "{50B33528-54FA-4C1C-AFE4-5BBE7B0D6D65}"
EndProject
Global
	GlobalSection(SolutionConfigurationPlatforms) = preSolution
		Debug|Any CPU = Debug|Any CPU
		Release|Any CPU = Release|Any CPU
	EndGlobalSection
	GlobalSection(ProjectConfigurationPlatforms) = postSolution
		{A4F54ADD-CF93-4323-9D78-EFCF370C6D2D}.Debug|Any CPU.ActiveCfg = Debug|Any CPU
		{A4F54ADD-CF93-4323-9D78-EFCF370C6D2D}.Debug|Any CPU.Build.0 = Debug|Any CPU
		{A4F54ADD-CF93-4323-9D78-EFCF370C6D2D}.Release|Any CPU.ActiveCfg = Release|Any CPU
		{A4F54ADD-CF93-4323-9D78-EFCF370C6D2D}.Release|Any CPU.Build.0 = Release|Any CPU
		{50B33528-54FA-4C1C-AFE4-5BBE7B0D6D65}.Debug|Any CPU.ActiveCfg = Debug|Any CPU
		{50B33528-54FA-4C1C-AFE4-5BBE7B0D6D65}.Debug|Any CPU.Build.0 = Debug|Any CPU
		{50B33528-54FA-4C1C-AFE4-5BBE7B0D6D65}.Release|Any CPU.ActiveCfg = Release|Any CPU
		{50B33528-54FA-4C1C-AFE4-5BBE7B0D6D65}.Release|Any CPU.Build.0 = Release|Any CPU
	EndGlobalSection
	GlobalSection(SolutionProperties) = preSolution
		HideSolutionNode = FALSE
	EndGlobalSection
	GlobalSection(ExtensibilityGlobals) = postSolution
		SolutionGuid = {68091803-515A-4BFB-AABB-F199C7F45F27}
	EndGlobalSection
EndGlobal
