
Microsoft Visual Studio Solution File, Format Version 12.00
# Visual Studio 15
VisualStudioVersion = 15.0.28307.1062
MinimumVisualStudioVersion = 10.0.40219.1
Project("{FAE04EC0-301F-11D3-BF4B-00C04F79EFBC}") = "Ex 3", "Ex 3\Ex 3.csproj", "{A6FD46D0-AB3E-4AE5-9662-561C9BCDF9FC}"
EndProject
Project("{FAE04EC0-301F-11D3-BF4B-00C04F79EFBC}") = "AirportTests", "AirportTests\AirportTests.csproj", "{0920ACF2-6104-4FF0-9459-0E76D513545E}"
EndProject
Global
	GlobalSection(SolutionConfigurationPlatforms) = preSolution
		Debug|Any CPU = Debug|Any CPU
		Release|Any CPU = Release|Any CPU
	EndGlobalSection
	GlobalSection(ProjectConfigurationPlatforms) = postSolution
		{A6FD46D0-AB3E-4AE5-9662-561C9BCDF9FC}.Debug|Any CPU.ActiveCfg = Debug|Any CPU
		{A6FD46D0-AB3E-4AE5-9662-561C9BCDF9FC}.Debug|Any CPU.Build.0 = Debug|Any CPU
		{A6FD46D0-AB3E-4AE5-9662-561C9BCDF9FC}.Release|Any CPU.ActiveCfg = Release|Any CPU
		{A6FD46D0-AB3E-4AE5-9662-561C9BCDF9FC}.Release|Any CPU.Build.0 = Release|Any CPU
		{0920ACF2-6104-4FF0-9459-0E76D513545E}.Debug|Any CPU.ActiveCfg = Debug|Any CPU
		{0920ACF2-6104-4FF0-9459-0E76D513545E}.Debug|Any CPU.Build.0 = Debug|Any CPU
		{0920ACF2-6104-4FF0-9459-0E76D513545E}.Release|Any CPU.ActiveCfg = Release|Any CPU
		{0920ACF2-6104-4FF0-9459-0E76D513545E}.Release|Any CPU.Build.0 = Release|Any CPU
	EndGlobalSection
	GlobalSection(SolutionProperties) = preSolution
		HideSolutionNode = FALSE
	EndGlobalSection
	GlobalSection(ExtensibilityGlobals) = postSolution
		SolutionGuid = {C3F694E5-FD50-4563-9687-6DB70BDB45B2}
	EndGlobalSection
EndGlobal
