
Microsoft Visual Studio Solution File, Format Version 12.00
# Visual Studio Version 16
VisualStudioVersion = 16.0.30104.148
MinimumVisualStudioVersion = 10.0.40219.1
Project("{FAE04EC0-301F-11D3-BF4B-00C04F79EFBC}") = "Ex 11", "Ex 11\Ex 11.csproj", "{C3F3E6E3-97FB-4312-ADA9-160219C46277}"
EndProject
Global
	GlobalSection(SolutionConfigurationPlatforms) = preSolution
		Debug|Any CPU = Debug|Any CPU
		Release|Any CPU = Release|Any CPU
	EndGlobalSection
	GlobalSection(ProjectConfigurationPlatforms) = postSolution
		{C3F3E6E3-97FB-4312-ADA9-160219C46277}.Debug|Any CPU.ActiveCfg = Debug|Any CPU
		{C3F3E6E3-97FB-4312-ADA9-160219C46277}.Debug|Any CPU.Build.0 = Debug|Any CPU
		{C3F3E6E3-97FB-4312-ADA9-160219C46277}.Release|Any CPU.ActiveCfg = Release|Any CPU
		{C3F3E6E3-97FB-4312-ADA9-160219C46277}.Release|Any CPU.Build.0 = Release|Any CPU
	EndGlobalSection
	GlobalSection(SolutionProperties) = preSolution
		HideSolutionNode = FALSE
	EndGlobalSection
	GlobalSection(ExtensibilityGlobals) = postSolution
		SolutionGuid = {C937B5CD-D395-4E55-BFDC-06BF63068127}
	EndGlobalSection
EndGlobal
