
Microsoft Visual Studio Solution File, Format Version 12.00
# Visual Studio 15
VisualStudioVersion = 15.0.28307.1062
MinimumVisualStudioVersion = 10.0.40219.1
Project("{FAE04EC0-301F-11D3-BF4B-00C04F79EFBC}") = "Airport", "Airport\Airport.csproj", "{A6FD46D0-AB3E-4AE5-9662-561C9BCDF9FC}"
EndProject
Project("{FAE04EC0-301F-11D3-BF4B-00C04F79EFBC}") = "AirportProxies", "AirportProxies\AirportProxies.csproj", "{ECCC3C84-8666-4AC9-8BA3-8313962A5FDF}"
EndProject
Project("{FAE04EC0-301F-11D3-BF4B-00C04F79EFBC}") = "Ex 3", "ConsoleApp1\Ex 3.csproj", "{52A76DEF-50EB-487C-A609-8D66181022C1}"
EndProject
Global
	GlobalSection(SolutionConfigurationPlatforms) = preSolution
		Debug|Any CPU = Debug|Any CPU
		Release|Any CPU = Release|Any CPU
	EndGlobalSection
	GlobalSection(ProjectConfigurationPlatforms) = postSolution
		{A6FD46D0-AB3E-4AE5-9662-561C9BCDF9FC}.Debug|Any CPU.ActiveCfg = Debug|Any CPU
		{A6FD46D0-AB3E-4AE5-9662-561C9BCDF9FC}.Debug|Any CPU.Build.0 = Debug|Any CPU
		{A6FD46D0-AB3E-4AE5-9662-561C9BCDF9FC}.Release|Any CPU.ActiveCfg = Release|Any CPU
		{A6FD46D0-AB3E-4AE5-9662-561C9BCDF9FC}.Release|Any CPU.Build.0 = Release|Any CPU
		{ECCC3C84-8666-4AC9-8BA3-8313962A5FDF}.Debug|Any CPU.ActiveCfg = Debug|Any CPU
		{ECCC3C84-8666-4AC9-8BA3-8313962A5FDF}.Debug|Any CPU.Build.0 = Debug|Any CPU
		{ECCC3C84-8666-4AC9-8BA3-8313962A5FDF}.Release|Any CPU.ActiveCfg = Release|Any CPU
		{ECCC3C84-8666-4AC9-8BA3-8313962A5FDF}.Release|Any CPU.Build.0 = Release|Any CPU
		{52A76DEF-50EB-487C-A609-8D66181022C1}.Debug|Any CPU.ActiveCfg = Debug|Any CPU
		{52A76DEF-50EB-487C-A609-8D66181022C1}.Debug|Any CPU.Build.0 = Debug|Any CPU
		{52A76DEF-50EB-487C-A609-8D66181022C1}.Release|Any CPU.ActiveCfg = Release|Any CPU
		{52A76DEF-50EB-487C-A609-8D66181022C1}.Release|Any CPU.Build.0 = Release|Any CPU
	EndGlobalSection
	GlobalSection(SolutionProperties) = preSolution
		HideSolutionNode = FALSE
	EndGlobalSection
	GlobalSection(ExtensibilityGlobals) = postSolution
		SolutionGuid = {275464FF-C9DE-4785-B053-E8D28533D49A}
	EndGlobalSection
EndGlobal
