
Microsoft Visual Studio Solution File, Format Version 12.00
# Visual Studio 15
VisualStudioVersion = 15.0.27130.2036
MinimumVisualStudioVersion = 10.0.40219.1
Project("{FAE04EC0-301F-11D3-BF4B-00C04F79EFBC}") = "zad 4", "zad 4\zad 4.csproj", "{B98018C6-4A8F-4019-9D7E-A1A0D0E93BF6}"
EndProject
Global
	GlobalSection(SolutionConfigurationPlatforms) = preSolution
		Debug|Any CPU = Debug|Any CPU
		Release|Any CPU = Release|Any CPU
	EndGlobalSection
	GlobalSection(ProjectConfigurationPlatforms) = postSolution
		{B98018C6-4A8F-4019-9D7E-A1A0D0E93BF6}.Debug|Any CPU.ActiveCfg = Debug|Any CPU
		{B98018C6-4A8F-4019-9D7E-A1A0D0E93BF6}.Debug|Any CPU.Build.0 = Debug|Any CPU
		{B98018C6-4A8F-4019-9D7E-A1A0D0E93BF6}.Release|Any CPU.ActiveCfg = Release|Any CPU
		{B98018C6-4A8F-4019-9D7E-A1A0D0E93BF6}.Release|Any CPU.Build.0 = Release|Any CPU
	EndGlobalSection
	GlobalSection(SolutionProperties) = preSolution
		HideSolutionNode = FALSE
	EndGlobalSection
	GlobalSection(ExtensibilityGlobals) = postSolution
		SolutionGuid = {AD746956-363F-497F-92D1-A3BDC9B07B57}
	EndGlobalSection
EndGlobal
