
Microsoft Visual Studio Solution File, Format Version 12.00
# Visual Studio 15
VisualStudioVersion = 15.0.28307.1062
MinimumVisualStudioVersion = 10.0.40219.1
Project("{FAE04EC0-301F-11D3-BF4B-00C04F79EFBC}") = "Ex 4", "Ex 4\Ex 4.csproj", "{513BBDDE-9864-4816-9C46-636BA813A158}"
EndProject
Global
	GlobalSection(SolutionConfigurationPlatforms) = preSolution
		Debug|Any CPU = Debug|Any CPU
		Release|Any CPU = Release|Any CPU
	EndGlobalSection
	GlobalSection(ProjectConfigurationPlatforms) = postSolution
		{513BBDDE-9864-4816-9C46-636BA813A158}.Debug|Any CPU.ActiveCfg = Debug|Any CPU
		{513BBDDE-9864-4816-9C46-636BA813A158}.Debug|Any CPU.Build.0 = Debug|Any CPU
		{513BBDDE-9864-4816-9C46-636BA813A158}.Release|Any CPU.ActiveCfg = Release|Any CPU
		{513BBDDE-9864-4816-9C46-636BA813A158}.Release|Any CPU.Build.0 = Release|Any CPU
	EndGlobalSection
	GlobalSection(SolutionProperties) = preSolution
		HideSolutionNode = FALSE
	EndGlobalSection
	GlobalSection(ExtensibilityGlobals) = postSolution
		SolutionGuid = {9940A370-C085-4ADB-9EF1-FB44DBD2A2B1}
	EndGlobalSection
EndGlobal
