
Microsoft Visual Studio Solution File, Format Version 12.00
# Visual Studio 15
VisualStudioVersion = 15.0.28307.1062
MinimumVisualStudioVersion = 10.0.40219.1
Project("{FAE04EC0-301F-11D3-BF4B-00C04F79EFBC}") = "Bridges", "Bridges\Bridges.csproj", "{3EB5DFF7-7B0C-4AD8-9649-C8DC4BDF96C7}"
EndProject
Project("{FAE04EC0-301F-11D3-BF4B-00C04F79EFBC}") = "Ex 5", "Ex 5\Ex 5.csproj", "{2B708F97-D663-42E3-941D-5EE14E1B538E}"
EndProject
Global
	GlobalSection(SolutionConfigurationPlatforms) = preSolution
		Debug|Any CPU = Debug|Any CPU
		Release|Any CPU = Release|Any CPU
	EndGlobalSection
	GlobalSection(ProjectConfigurationPlatforms) = postSolution
		{3EB5DFF7-7B0C-4AD8-9649-C8DC4BDF96C7}.Debug|Any CPU.ActiveCfg = Debug|Any CPU
		{3EB5DFF7-7B0C-4AD8-9649-C8DC4BDF96C7}.Debug|Any CPU.Build.0 = Debug|Any CPU
		{3EB5DFF7-7B0C-4AD8-9649-C8DC4BDF96C7}.Release|Any CPU.ActiveCfg = Release|Any CPU
		{3EB5DFF7-7B0C-4AD8-9649-C8DC4BDF96C7}.Release|Any CPU.Build.0 = Release|Any CPU
		{2B708F97-D663-42E3-941D-5EE14E1B538E}.Debug|Any CPU.ActiveCfg = Debug|Any CPU
		{2B708F97-D663-42E3-941D-5EE14E1B538E}.Debug|Any CPU.Build.0 = Debug|Any CPU
		{2B708F97-D663-42E3-941D-5EE14E1B538E}.Release|Any CPU.ActiveCfg = Release|Any CPU
		{2B708F97-D663-42E3-941D-5EE14E1B538E}.Release|Any CPU.Build.0 = Release|Any CPU
	EndGlobalSection
	GlobalSection(SolutionProperties) = preSolution
		HideSolutionNode = FALSE
	EndGlobalSection
	GlobalSection(ExtensibilityGlobals) = postSolution
		SolutionGuid = {BDB9BC8E-881B-4188-8448-5B9BA07665AC}
	EndGlobalSection
EndGlobal
